
Microsoft Visual Studio Solution File, Format Version 11.00
# Visual Studio 2010
Project("{FAE04EC0-301F-11D3-BF4B-00C04F79EFBC}") = "RoboTest", "src\App\RoboTest\RoboTest.csproj", "{0B5F3146-0089-48F6-9F60-A5EA68A2A97E}"
EndProject
Project("{FAE04EC0-301F-11D3-BF4B-00C04F79EFBC}") = "RoboTest.Tests", "src\Tests\RoboTest.Tests\RoboTest.Tests.csproj", "{DD20DB9C-F960-4632-BB3F-E8D6EFBB0C2F}"
EndProject
Global
	GlobalSection(SolutionConfigurationPlatforms) = preSolution
		Debug|Any CPU = Debug|Any CPU
		Debug|Mixed Platforms = Debug|Mixed Platforms
		Debug|x86 = Debug|x86
		Release|Any CPU = Release|Any CPU
		Release|Mixed Platforms = Release|Mixed Platforms
		Release|x86 = Release|x86
	EndGlobalSection
	GlobalSection(ProjectConfigurationPlatforms) = postSolution
		{0B5F3146-0089-48F6-9F60-A5EA68A2A97E}.Debug|Any CPU.ActiveCfg = Debug|x86
		{0B5F3146-0089-48F6-9F60-A5EA68A2A97E}.Debug|Mixed Platforms.ActiveCfg = Debug|x86
		{0B5F3146-0089-48F6-9F60-A5EA68A2A97E}.Debug|Mixed Platforms.Build.0 = Debug|x86
		{0B5F3146-0089-48F6-9F60-A5EA68A2A97E}.Debug|x86.ActiveCfg = Debug|x86
		{0B5F3146-0089-48F6-9F60-A5EA68A2A97E}.Debug|x86.Build.0 = Debug|x86
		{0B5F3146-0089-48F6-9F60-A5EA68A2A97E}.Release|Any CPU.ActiveCfg = Release|x86
		{0B5F3146-0089-48F6-9F60-A5EA68A2A97E}.Release|Mixed Platforms.ActiveCfg = Release|x86
		{0B5F3146-0089-48F6-9F60-A5EA68A2A97E}.Release|Mixed Platforms.Build.0 = Release|x86
		{0B5F3146-0089-48F6-9F60-A5EA68A2A97E}.Release|x86.ActiveCfg = Release|x86
		{0B5F3146-0089-48F6-9F60-A5EA68A2A97E}.Release|x86.Build.0 = Release|x86
		{DD20DB9C-F960-4632-BB3F-E8D6EFBB0C2F}.Debug|Any CPU.ActiveCfg = Debug|Any CPU
		{DD20DB9C-F960-4632-BB3F-E8D6EFBB0C2F}.Debug|Any CPU.Build.0 = Debug|Any CPU
		{DD20DB9C-F960-4632-BB3F-E8D6EFBB0C2F}.Debug|Mixed Platforms.ActiveCfg = Debug|Any CPU
		{DD20DB9C-F960-4632-BB3F-E8D6EFBB0C2F}.Debug|Mixed Platforms.Build.0 = Debug|Any CPU
		{DD20DB9C-F960-4632-BB3F-E8D6EFBB0C2F}.Debug|x86.ActiveCfg = Debug|Any CPU
		{DD20DB9C-F960-4632-BB3F-E8D6EFBB0C2F}.Release|Any CPU.ActiveCfg = Release|Any CPU
		{DD20DB9C-F960-4632-BB3F-E8D6EFBB0C2F}.Release|Any CPU.Build.0 = Release|Any CPU
		{DD20DB9C-F960-4632-BB3F-E8D6EFBB0C2F}.Release|Mixed Platforms.ActiveCfg = Release|Any CPU
		{DD20DB9C-F960-4632-BB3F-E8D6EFBB0C2F}.Release|Mixed Platforms.Build.0 = Release|Any CPU
		{DD20DB9C-F960-4632-BB3F-E8D6EFBB0C2F}.Release|x86.ActiveCfg = Release|Any CPU
	EndGlobalSection
	GlobalSection(SolutionProperties) = preSolution
		HideSolutionNode = FALSE
	EndGlobalSection
EndGlobal
